// !$*UTF8*$!
{
	archiveVersion = 1;
	classes = {
	};
	objectVersion = 50;
	objects = {

/* Begin PBXBuildFile section */
		7EE7918521BF8CDD008719DC /* FinalScoreSceneViewController.swift in Sources */ = {isa = PBXBuildFile; fileRef = 7EE7918421BF8CDD008719DC /* FinalScoreSceneViewController.swift */; };
		7EE7918721C00040008719DC /* TheHowToSceneViewController.swift in Sources */ = {isa = PBXBuildFile; fileRef = 7EE7918621C00040008719DC /* TheHowToSceneViewController.swift */; };
		7EFD7BF421BF837800FCC61A /* AppDelegate.swift in Sources */ = {isa = PBXBuildFile; fileRef = 7EFD7BF321BF837800FCC61A /* AppDelegate.swift */; };
		7EFD7BF621BF837800FCC61A /* ViewController.swift in Sources */ = {isa = PBXBuildFile; fileRef = 7EFD7BF521BF837800FCC61A /* ViewController.swift */; };
		7EFD7BF921BF837800FCC61A /* Main.storyboard in Resources */ = {isa = PBXBuildFile; fileRef = 7EFD7BF721BF837800FCC61A /* Main.storyboard */; };
		7EFD7BFB21BF837900FCC61A /* Assets.xcassets in Resources */ = {isa = PBXBuildFile; fileRef = 7EFD7BFA21BF837900FCC61A /* Assets.xcassets */; };
		7EFD7BFE21BF837900FCC61A /* LaunchScreen.storyboard in Resources */ = {isa = PBXBuildFile; fileRef = 7EFD7BFC21BF837900FCC61A /* LaunchScreen.storyboard */; };
		7EFD7C0921BF837900FCC61A /* Arithmetic_LunaticTests.swift in Sources */ = {isa = PBXBuildFile; fileRef = 7EFD7C0821BF837900FCC61A /* Arithmetic_LunaticTests.swift */; };
		7EFD7C1421BF837900FCC61A /* Arithmetic_LunaticUITests.swift in Sources */ = {isa = PBXBuildFile; fileRef = 7EFD7C1321BF837900FCC61A /* Arithmetic_LunaticUITests.swift */; };
		7EFD7C2221BF83F600FCC61A /* PrimeSceneViewController.swift in Sources */ = {isa = PBXBuildFile; fileRef = 7EFD7C2121BF83F600FCC61A /* PrimeSceneViewController.swift */; };
/* End PBXBuildFile section */

/* Begin PBXContainerItemProxy section */
		7EFD7C0521BF837900FCC61A /* PBXContainerItemProxy */ = {
			isa = PBXContainerItemProxy;
			containerPortal = 7EFD7BE821BF837800FCC61A /* Project object */;
			proxyType = 1;
			remoteGlobalIDString = 7EFD7BEF21BF837800FCC61A;
			remoteInfo = "Arithmetic Lunatic";
		};
		7EFD7C1021BF837900FCC61A /* PBXContainerItemProxy */ = {
			isa = PBXContainerItemProxy;
			containerPortal = 7EFD7BE821BF837800FCC61A /* Project object */;
			proxyType = 1;
			remoteGlobalIDString = 7EFD7BEF21BF837800FCC61A;
			remoteInfo = "Arithmetic Lunatic";
		};
/* End PBXContainerItemProxy section */

/* Begin PBXFileReference section */
		7EE7918421BF8CDD008719DC /* FinalScoreSceneViewController.swift */ = {isa = PBXFileReference; lastKnownFileType = sourcecode.swift; path = FinalScoreSceneViewController.swift; sourceTree = "<group>"; };
		7EE7918621C00040008719DC /* TheHowToSceneViewController.swift */ = {isa = PBXFileReference; lastKnownFileType = sourcecode.swift; path = TheHowToSceneViewController.swift; sourceTree = "<group>"; };
		7EFD7BF021BF837800FCC61A /* Arithmetic Lunatic.app */ = {isa = PBXFileReference; explicitFileType = wrapper.application; includeInIndex = 0; path = "Arithmetic Lunatic.app"; sourceTree = BUILT_PRODUCTS_DIR; };
		7EFD7BF321BF837800FCC61A /* AppDelegate.swift */ = {isa = PBXFileReference; lastKnownFileType = sourcecode.swift; path = AppDelegate.swift; sourceTree = "<group>"; };
		7EFD7BF521BF837800FCC61A /* ViewController.swift */ = {isa = PBXFileReference; lastKnownFileType = sourcecode.swift; path = ViewController.swift; sourceTree = "<group>"; };
		7EFD7BF821BF837800FCC61A /* Base */ = {isa = PBXFileReference; lastKnownFileType = file.storyboard; name = Base; path = Base.lproj/Main.storyboard; sourceTree = "<group>"; };
		7EFD7BFA21BF837900FCC61A /* Assets.xcassets */ = {isa = PBXFileReference; lastKnownFileType = folder.assetcatalog; path = Assets.xcassets; sourceTree = "<group>"; };
		7EFD7BFD21BF837900FCC61A /* Base */ = {isa = PBXFileReference; lastKnownFileType = file.storyboard; name = Base; path = Base.lproj/LaunchScreen.storyboard; sourceTree = "<group>"; };
		7EFD7BFF21BF837900FCC61A /* Info.plist */ = {isa = PBXFileReference; lastKnownFileType = text.plist.xml; path = Info.plist; sourceTree = "<group>"; };
		7EFD7C0421BF837900FCC61A /* Arithmetic LunaticTests.xctest */ = {isa = PBXFileReference; explicitFileType = wrapper.cfbundle; includeInIndex = 0; path = "Arithmetic LunaticTests.xctest"; sourceTree = BUILT_PRODUCTS_DIR; };
		7EFD7C0821BF837900FCC61A /* Arithmetic_LunaticTests.swift */ = {isa = PBXFileReference; lastKnownFileType = sourcecode.swift; path = Arithmetic_LunaticTests.swift; sourceTree = "<group>"; };
		7EFD7C0A21BF837900FCC61A /* Info.plist */ = {isa = PBXFileReference; lastKnownFileType = text.plist.xml; path = Info.plist; sourceTree = "<group>"; };
		7EFD7C0F21BF837900FCC61A /* Arithmetic LunaticUITests.xctest */ = {isa = PBXFileReference; explicitFileType = wrapper.cfbundle; includeInIndex = 0; path = "Arithmetic LunaticUITests.xctest"; sourceTree = BUILT_PRODUCTS_DIR; };
		7EFD7C1321BF837900FCC61A /* Arithmetic_LunaticUITests.swift */ = {isa = PBXFileReference; lastKnownFileType = sourcecode.swift; path = Arithmetic_LunaticUITests.swift; sourceTree = "<group>"; };
		7EFD7C1521BF837900FCC61A /* Info.plist */ = {isa = PBXFileReference; lastKnownFileType = text.plist.xml; path = Info.plist; sourceTree = "<group>"; };
		7EFD7C2121BF83F600FCC61A /* PrimeSceneViewController.swift */ = {isa = PBXFileReference; lastKnownFileType = sourcecode.swift; path = PrimeSceneViewController.swift; sourceTree = "<group>"; };
/* End PBXFileReference section */

/* Begin PBXFrameworksBuildPhase section */
		7EFD7BED21BF837800FCC61A /* Frameworks */ = {
			isa = PBXFrameworksBuildPhase;
			buildActionMask = 2147483647;
			files = (
			);
			runOnlyForDeploymentPostprocessing = 0;
		};
		7EFD7C0121BF837900FCC61A /* Frameworks */ = {
			isa = PBXFrameworksBuildPhase;
			buildActionMask = 2147483647;
			files = (
			);
			runOnlyForDeploymentPostprocessing = 0;
		};
		7EFD7C0C21BF837900FCC61A /* Frameworks */ = {
			isa = PBXFrameworksBuildPhase;
			buildActionMask = 2147483647;
			files = (
			);
			runOnlyForDeploymentPostprocessing = 0;
		};
/* End PBXFrameworksBuildPhase section */

/* Begin PBXGroup section */
		7EFD7BE721BF837800FCC61A = {
			isa = PBXGroup;
			children = (
				7EFD7BF221BF837800FCC61A /* Arithmetic Lunatic */,
				7EFD7C0721BF837900FCC61A /* Arithmetic LunaticTests */,
				7EFD7C1221BF837900FCC61A /* Arithmetic LunaticUITests */,
				7EFD7BF121BF837800FCC61A /* Products */,
			);
			sourceTree = "<group>";
		};
		7EFD7BF121BF837800FCC61A /* Products */ = {
			isa = PBXGroup;
			children = (
				7EFD7BF021BF837800FCC61A /* Arithmetic Lunatic.app */,
				7EFD7C0421BF837900FCC61A /* Arithmetic LunaticTests.xctest */,
				7EFD7C0F21BF837900FCC61A /* Arithmetic LunaticUITests.xctest */,
			);
			name = Products;
			sourceTree = "<group>";
		};
		7EFD7BF221BF837800FCC61A /* Arithmetic Lunatic */ = {
			isa = PBXGroup;
			children = (
				7EFD7BF321BF837800FCC61A /* AppDelegate.swift */,
				7EFD7BF521BF837800FCC61A /* ViewController.swift */,
				7EFD7BF721BF837800FCC61A /* Main.storyboard */,
				7EE7918621C00040008719DC /* TheHowToSceneViewController.swift */,
				7EE7918421BF8CDD008719DC /* FinalScoreSceneViewController.swift */,
				7EFD7C2121BF83F600FCC61A /* PrimeSceneViewController.swift */,
				7EFD7BFA21BF837900FCC61A /* Assets.xcassets */,
				7EFD7BFC21BF837900FCC61A /* LaunchScreen.storyboard */,
				7EFD7BFF21BF837900FCC61A /* Info.plist */,
			);
			path = "Arithmetic Lunatic";
			sourceTree = "<group>";
		};
		7EFD7C0721BF837900FCC61A /* Arithmetic LunaticTests */ = {
			isa = PBXGroup;
			children = (
				7EFD7C0821BF837900FCC61A /* Arithmetic_LunaticTests.swift */,
				7EFD7C0A21BF837900FCC61A /* Info.plist */,
			);
			path = "Arithmetic LunaticTests";
			sourceTree = "<group>";
		};
		7EFD7C1221BF837900FCC61A /* Arithmetic LunaticUITests */ = {
			isa = PBXGroup;
			children = (
				7EFD7C1321BF837900FCC61A /* Arithmetic_LunaticUITests.swift */,
				7EFD7C1521BF837900FCC61A /* Info.plist */,
			);
			path = "Arithmetic LunaticUITests";
			sourceTree = "<group>";
		};
/* End PBXGroup section */

/* Begin PBXNativeTarget section */
		7EFD7BEF21BF837800FCC61A /* Arithmetic Lunatic */ = {
			isa = PBXNativeTarget;
			buildConfigurationList = 7EFD7C1821BF837900FCC61A /* Build configuration list for PBXNativeTarget "Arithmetic Lunatic" */;
			buildPhases = (
				7EFD7BEC21BF837800FCC61A /* Sources */,
				7EFD7BED21BF837800FCC61A /* Frameworks */,
				7EFD7BEE21BF837800FCC61A /* Resources */,
			);
			buildRules = (
			);
			dependencies = (
			);
			name = "Arithmetic Lunatic";
			productName = "Arithmetic Lunatic";
			productReference = 7EFD7BF021BF837800FCC61A /* Arithmetic Lunatic.app */;
			productType = "com.apple.product-type.application";
		};
		7EFD7C0321BF837900FCC61A /* Arithmetic LunaticTests */ = {
			isa = PBXNativeTarget;
			buildConfigurationList = 7EFD7C1B21BF837900FCC61A /* Build configuration list for PBXNativeTarget "Arithmetic LunaticTests" */;
			buildPhases = (
				7EFD7C0021BF837900FCC61A /* Sources */,
				7EFD7C0121BF837900FCC61A /* Frameworks */,
				7EFD7C0221BF837900FCC61A /* Resources */,
			);
			buildRules = (
			);
			dependencies = (
				7EFD7C0621BF837900FCC61A /* PBXTargetDependency */,
			);
			name = "Arithmetic LunaticTests";
			productName = "Arithmetic LunaticTests";
			productReference = 7EFD7C0421BF837900FCC61A /* Arithmetic LunaticTests.xctest */;
			productType = "com.apple.product-type.bundle.unit-test";
		};
		7EFD7C0E21BF837900FCC61A /* Arithmetic LunaticUITests */ = {
			isa = PBXNativeTarget;
			buildConfigurationList = 7EFD7C1E21BF837900FCC61A /* Build configuration list for PBXNativeTarget "Arithmetic LunaticUITests" */;
			buildPhases = (
				7EFD7C0B21BF837900FCC61A /* Sources */,
				7EFD7C0C21BF837900FCC61A /* Frameworks */,
				7EFD7C0D21BF837900FCC61A /* Resources */,
			);
			buildRules = (
			);
			dependencies = (
				7EFD7C1121BF837900FCC61A /* PBXTargetDependency */,
			);
			name = "Arithmetic LunaticUITests";
			productName = "Arithmetic LunaticUITests";
			productReference = 7EFD7C0F21BF837900FCC61A /* Arithmetic LunaticUITests.xctest */;
			productType = "com.apple.product-type.bundle.ui-testing";
		};
/* End PBXNativeTarget section */

/* Begin PBXProject section */
		7EFD7BE821BF837800FCC61A /* Project object */ = {
			isa = PBXProject;
			attributes = {
				LastSwiftUpdateCheck = 1010;
				LastUpgradeCheck = 1010;
				ORGANIZATIONNAME = "Mike Xu";
				TargetAttributes = {
					7EFD7BEF21BF837800FCC61A = {
						CreatedOnToolsVersion = 10.1;
					};
					7EFD7C0321BF837900FCC61A = {
						CreatedOnToolsVersion = 10.1;
						TestTargetID = 7EFD7BEF21BF837800FCC61A;
					};
					7EFD7C0E21BF837900FCC61A = {
						CreatedOnToolsVersion = 10.1;
						TestTargetID = 7EFD7BEF21BF837800FCC61A;
					};
				};
			};
			buildConfigurationList = 7EFD7BEB21BF837800FCC61A /* Build configuration list for PBXProject "Arithmetic Lunatic" */;
			compatibilityVersion = "Xcode 9.3";
			developmentRegion = en;
			hasScannedForEncodings = 0;
			knownRegions = (
				en,
				Base,
			);
			mainGroup = 7EFD7BE721BF837800FCC61A;
			productRefGroup = 7EFD7BF121BF837800FCC61A /* Products */;
			projectDirPath = "";
			projectRoot = "";
			targets = (
				7EFD7BEF21BF837800FCC61A /* Arithmetic Lunatic */,
				7EFD7C0321BF837900FCC61A /* Arithmetic LunaticTests */,
				7EFD7C0E21BF837900FCC61A /* Arithmetic LunaticUITests */,
			);
		};
/* End PBXProject section */

/* Begin PBXResourcesBuildPhase section */
		7EFD7BEE21BF837800FCC61A /* Resources */ = {
			isa = PBXResourcesBuildPhase;
			buildActionMask = 2147483647;
			files = (
				7EFD7BFE21BF837900FCC61A /* LaunchScreen.storyboard in Resources */,
				7EFD7BFB21BF837900FCC61A /* Assets.xcassets in Resources */,
				7EFD7BF921BF837800FCC61A /* Main.storyboard in Resources */,
			);
			runOnlyForDeploymentPostprocessing = 0;
		};
		7EFD7C0221BF837900FCC61A /* Resources */ = {
			isa = PBXResourcesBuildPhase;
			buildActionMask = 2147483647;
			files = (
			);
			runOnlyForDeploymentPostprocessing = 0;
		};
		7EFD7C0D21BF837900FCC61A /* Resources */ = {
			isa = PBXResourcesBuildPhase;
			buildActionMask = 2147483647;
			files = (
			);
			runOnlyForDeploymentPostprocessing = 0;
		};
/* End PBXResourcesBuildPhase section */

/* Begin PBXSourcesBuildPhase section */
		7EFD7BEC21BF837800FCC61A /* Sources */ = {
			isa = PBXSourcesBuildPhase;
			buildActionMask = 2147483647;
			files = (
				7EE7918721C00040008719DC /* TheHowToSceneViewController.swift in Sources */,
				7EFD7BF621BF837800FCC61A /* ViewController.swift in Sources */,
				7EE7918521BF8CDD008719DC /* FinalScoreSceneViewController.swift in Sources */,
				7EFD7C2221BF83F600FCC61A /* PrimeSceneViewController.swift in Sources */,
				7EFD7BF421BF837800FCC61A /* AppDelegate.swift in Sources */,
			);
			runOnlyForDeploymentPostprocessing = 0;
		};
		7EFD7C0021BF837900FCC61A /* Sources */ = {
			isa = PBXSourcesBuildPhase;
			buildActionMask = 2147483647;
			files = (
				7EFD7C0921BF837900FCC61A /* Arithmetic_LunaticTests.swift in Sources */,
			);
			runOnlyForDeploymentPostprocessing = 0;
		};
		7EFD7C0B21BF837900FCC61A /* Sources */ = {
			isa = PBXSourcesBuildPhase;
			buildActionMask = 2147483647;
			files = (
				7EFD7C1421BF837900FCC61A /* Arithmetic_LunaticUITests.swift in Sources */,
			);
			runOnlyForDeploymentPostprocessing = 0;
		};
/* End PBXSourcesBuildPhase section */

/* Begin PBXTargetDependency section */
		7EFD7C0621BF837900FCC61A /* PBXTargetDependency */ = {
			isa = PBXTargetDependency;
			target = 7EFD7BEF21BF837800FCC61A /* Arithmetic Lunatic */;
			targetProxy = 7EFD7C0521BF837900FCC61A /* PBXContainerItemProxy */;
		};
		7EFD7C1121BF837900FCC61A /* PBXTargetDependency */ = {
			isa = PBXTargetDependency;
			target = 7EFD7BEF21BF837800FCC61A /* Arithmetic Lunatic */;
			targetProxy = 7EFD7C1021BF837900FCC61A /* PBXContainerItemProxy */;
		};
/* End PBXTargetDependency section */

/* Begin PBXVariantGroup section */
		7EFD7BF721BF837800FCC61A /* Main.storyboard */ = {
			isa = PBXVariantGroup;
			children = (
				7EFD7BF821BF837800FCC61A /* Base */,
			);
			name = Main.storyboard;
			sourceTree = "<group>";
		};
		7EFD7BFC21BF837900FCC61A /* LaunchScreen.storyboard */ = {
			isa = PBXVariantGroup;
			children = (
				7EFD7BFD21BF837900FCC61A /* Base */,
			);
			name = LaunchScreen.storyboard;
			sourceTree = "<group>";
		};
/* End PBXVariantGroup section */

/* Begin XCBuildConfiguration section */
		7EFD7C1621BF837900FCC61A /* Debug */ = {
			isa = XCBuildConfiguration;
			buildSettings = {
				ALWAYS_SEARCH_USER_PATHS = NO;
				CLANG_ANALYZER_NONNULL = YES;
				CLANG_ANALYZER_NUMBER_OBJECT_CONVERSION = YES_AGGRESSIVE;
				CLANG_CXX_LANGUAGE_STANDARD = "gnu++14";
				CLANG_CXX_LIBRARY = "libc++";
				CLANG_ENABLE_MODULES = YES;
				CLANG_ENABLE_OBJC_ARC = YES;
				CLANG_ENABLE_OBJC_WEAK = YES;
				CLANG_WARN_BLOCK_CAPTURE_AUTORELEASING = YES;
				CLANG_WARN_BOOL_CONVERSION = YES;
				CLANG_WARN_COMMA = YES;
				CLANG_WARN_CONSTANT_CONVERSION = YES;
				CLANG_WARN_DEPRECATED_OBJC_IMPLEMENTATIONS = YES;
				CLANG_WARN_DIRECT_OBJC_ISA_USAGE = YES_ERROR;
				CLANG_WARN_DOCUMENTATION_COMMENTS = YES;
				CLANG_WARN_EMPTY_BODY = YES;
				CLANG_WARN_ENUM_CONVERSION = YES;
				CLANG_WARN_INFINITE_RECURSION = YES;
				CLANG_WARN_INT_CONVERSION = YES;
				CLANG_WARN_NON_LITERAL_NULL_CONVERSION = YES;
				CLANG_WARN_OBJC_IMPLICIT_RETAIN_SELF = YES;
				CLANG_WARN_OBJC_LITERAL_CONVERSION = YES;
				CLANG_WARN_OBJC_ROOT_CLASS = YES_ERROR;
				CLANG_WARN_RANGE_LOOP_ANALYSIS = YES;
				CLANG_WARN_STRICT_PROTOTYPES = YES;
				CLANG_WARN_SUSPICIOUS_MOVE = YES;
				CLANG_WARN_UNGUARDED_AVAILABILITY = YES_AGGRESSIVE;
				CLANG_WARN_UNREACHABLE_CODE = YES;
				CLANG_WARN__DUPLICATE_METHOD_MATCH = YES;
				CODE_SIGN_IDENTITY = "iPhone Developer";
				COPY_PHASE_STRIP = NO;
				DEBUG_INFORMATION_FORMAT = dwarf;
				ENABLE_STRICT_OBJC_MSGSEND = YES;
				ENABLE_TESTABILITY = YES;
				GCC_C_LANGUAGE_STANDARD = gnu11;
				GCC_DYNAMIC_NO_PIC = NO;
				GCC_NO_COMMON_BLOCKS = YES;
				GCC_OPTIMIZATION_LEVEL = 0;
				GCC_PREPROCESSOR_DEFINITIONS = (
					"DEBUG=1",
					"$(inherited)",
				);
				GCC_WARN_64_TO_32_BIT_CONVERSION = YES;
				GCC_WARN_ABOUT_RETURN_TYPE = YES_ERROR;
				GCC_WARN_UNDECLARED_SELECTOR = YES;
				GCC_WARN_UNINITIALIZED_AUTOS = YES_AGGRESSIVE;
				GCC_WARN_UNUSED_FUNCTION = YES;
				GCC_WARN_UNUSED_VARIABLE = YES;
				IPHONEOS_DEPLOYMENT_TARGET = 12.1;
				MTL_ENABLE_DEBUG_INFO = INCLUDE_SOURCE;
				MTL_FAST_MATH = YES;
				ONLY_ACTIVE_ARCH = YES;
				SDKROOT = iphoneos;
				SWIFT_ACTIVE_COMPILATION_CONDITIONS = DEBUG;
				SWIFT_OPTIMIZATION_LEVEL = "-Onone";
			};
			name = Debug;
		};
		7EFD7C1721BF837900FCC61A /* Release */ = {
			isa = XCBuildConfiguration;
			buildSettings = {
				ALWAYS_SEARCH_USER_PATHS = NO;
				CLANG_ANALYZER_NONNULL = YES;
				CLANG_ANALYZER_NUMBER_OBJECT_CONVERSION = YES_AGGRESSIVE;
				CLANG_CXX_LANGUAGE_STANDARD = "gnu++14";
				CLANG_CXX_LIBRARY = "libc++";
				CLANG_ENABLE_MODULES = YES;
				CLANG_ENABLE_OBJC_ARC = YES;
				CLANG_ENABLE_OBJC_WEAK = YES;
				CLANG_WARN_BLOCK_CAPTURE_AUTORELEASING = YES;
				CLANG_WARN_BOOL_CONVERSION = YES;
				CLANG_WARN_COMMA = YES;
				CLANG_WARN_CONSTANT_CONVERSION = YES;
				CLANG_WARN_DEPRECATED_OBJC_IMPLEMENTATIONS = YES;
				CLANG_WARN_DIRECT_OBJC_ISA_USAGE = YES_ERROR;
				CLANG_WARN_DOCUMENTATION_COMMENTS = YES;
				CLANG_WARN_EMPTY_BODY = YES;
				CLANG_WARN_ENUM_CONVERSION = YES;
				CLANG_WARN_INFINITE_RECURSION = YES;
				CLANG_WARN_INT_CONVERSION = YES;
				CLANG_WARN_NON_LITERAL_NULL_CONVERSION = YES;
				CLANG_WARN_OBJC_IMPLICIT_RETAIN_SELF = YES;
				CLANG_WARN_OBJC_LITERAL_CONVERSION = YES;
				CLANG_WARN_OBJC_ROOT_CLASS = YES_ERROR;
				CLANG_WARN_RANGE_LOOP_ANALYSIS = YES;
				CLANG_WARN_STRICT_PROTOTYPES = YES;
				CLANG_WARN_SUSPICIOUS_MOVE = YES;
				CLANG_WARN_UNGUARDED_AVAILABILITY = YES_AGGRESSIVE;
				CLANG_WARN_UNREACHABLE_CODE = YES;
				CLANG_WARN__DUPLICATE_METHOD_MATCH = YES;
				CODE_SIGN_IDENTITY = "iPhone Developer";
				COPY_PHASE_STRIP = NO;
				DEBUG_INFORMATION_FORMAT = "dwarf-with-dsym";
				ENABLE_NS_ASSERTIONS = NO;
				ENABLE_STRICT_OBJC_MSGSEND = YES;
				GCC_C_LANGUAGE_STANDARD = gnu11;
				GCC_NO_COMMON_BLOCKS = YES;
				GCC_WARN_64_TO_32_BIT_CONVERSION = YES;
				GCC_WARN_ABOUT_RETURN_TYPE = YES_ERROR;
				GCC_WARN_UNDECLARED_SELECTOR = YES;
				GCC_WARN_UNINITIALIZED_AUTOS = YES_AGGRESSIVE;
				GCC_WARN_UNUSED_FUNCTION = YES;
				GCC_WARN_UNUSED_VARIABLE = YES;
				IPHONEOS_DEPLOYMENT_TARGET = 12.1;
				MTL_ENABLE_DEBUG_INFO = NO;
				MTL_FAST_MATH = YES;
				SDKROOT = iphoneos;
				SWIFT_COMPILATION_MODE = wholemodule;
				SWIFT_OPTIMIZATION_LEVEL = "-O";
				VALIDATE_PRODUCT = YES;
			};
			name = Release;
		};
		7EFD7C1921BF837900FCC61A /* Debug */ = {
			isa = XCBuildConfiguration;
			buildSettings = {
				ASSETCATALOG_COMPILER_APPICON_NAME = AppIcon;
				CODE_SIGN_STYLE = Automatic;
				DEVELOPMENT_TEAM = X4F4KYSYMU;
				INFOPLIST_FILE = "Arithmetic Lunatic/Info.plist";
				LD_RUNPATH_SEARCH_PATHS = (
					"$(inherited)",
					"@executable_path/Frameworks",
				);
				PRODUCT_BUNDLE_IDENTIFIER = "CSCI318.Arithmetic-Lunatic";
				PRODUCT_NAME = "$(TARGET_NAME)";
				SWIFT_VERSION = 4.2;
				TARGETED_DEVICE_FAMILY = "1,2";
			};
			name = Debug;
		};
		7EFD7C1A21BF837900FCC61A /* Release */ = {
			isa = XCBuildConfiguration;
			buildSettings = {
				ASSETCATALOG_COMPILER_APPICON_NAME = AppIcon;
				CODE_SIGN_STYLE = Automatic;
				DEVELOPMENT_TEAM = X4F4KYSYMU;
				INFOPLIST_FILE = "Arithmetic Lunatic/Info.plist";
				LD_RUNPATH_SEARCH_PATHS = (
					"$(inherited)",
					"@executable_path/Frameworks",
				);
				PRODUCT_BUNDLE_IDENTIFIER = "CSCI318.Arithmetic-Lunatic";
				PRODUCT_NAME = "$(TARGET_NAME)";
				SWIFT_VERSION = 4.2;
				TARGETED_DEVICE_FAMILY = "1,2";
			};
			name = Release;
		};
		7EFD7C1C21BF837900FCC61A /* Debug */ = {
			isa = XCBuildConfiguration;
			buildSettings = {
				ALWAYS_EMBED_SWIFT_STANDARD_LIBRARIES = YES;
				BUNDLE_LOADER = "$(TEST_HOST)";
				CODE_SIGN_STYLE = Automatic;
				DEVELOPMENT_TEAM = X4F4KYSYMU;
				INFOPLIST_FILE = "Arithmetic LunaticTests/Info.plist";
				LD_RUNPATH_SEARCH_PATHS = (
					"$(inherited)",
					"@executable_path/Frameworks",
					"@loader_path/Frameworks",
				);
				PRODUCT_BUNDLE_IDENTIFIER = "CSCI318.Arithmetic-LunaticTests";
				PRODUCT_NAME = "$(TARGET_NAME)";
				SWIFT_VERSION = 4.2;
				TARGETED_DEVICE_FAMILY = "1,2";
				TEST_HOST = "$(BUILT_PRODUCTS_DIR)/Arithmetic Lunatic.app/Arithmetic Lunatic";
			};
			name = Debug;
		};
		7EFD7C1D21BF837900FCC61A /* Release */ = {
			isa = XCBuildConfiguration;
			buildSettings = {
				ALWAYS_EMBED_SWIFT_STANDARD_LIBRARIES = YES;
				BUNDLE_LOADER = "$(TEST_HOST)";
				CODE_SIGN_STYLE = Automatic;
				DEVELOPMENT_TEAM = X4F4KYSYMU;
				INFOPLIST_FILE = "Arithmetic LunaticTests/Info.plist";
				LD_RUNPATH_SEARCH_PATHS = (
					"$(inherited)",
					"@executable_path/Frameworks",
					"@loader_path/Frameworks",
				);
				PRODUCT_BUNDLE_IDENTIFIER = "CSCI318.Arithmetic-LunaticTests";
				PRODUCT_NAME = "$(TARGET_NAME)";
				SWIFT_VERSION = 4.2;
				TARGETED_DEVICE_FAMILY = "1,2";
				TEST_HOST = "$(BUILT_PRODUCTS_DIR)/Arithmetic Lunatic.app/Arithmetic Lunatic";
			};
			name = Release;
		};
		7EFD7C1F21BF837900FCC61A /* Debug */ = {
			isa = XCBuildConfiguration;
			buildSettings = {
				ALWAYS_EMBED_SWIFT_STANDARD_LIBRARIES = YES;
				CODE_SIGN_STYLE = Automatic;
				DEVELOPMENT_TEAM = X4F4KYSYMU;
				INFOPLIST_FILE = "Arithmetic LunaticUITests/Info.plist";
				LD_RUNPATH_SEARCH_PATHS = (
					"$(inherited)",
					"@executable_path/Frameworks",
					"@loader_path/Frameworks",
				);
				PRODUCT_BUNDLE_IDENTIFIER = "CSCI318.Arithmetic-LunaticUITests";
				PRODUCT_NAME = "$(TARGET_NAME)";
				SWIFT_VERSION = 4.2;
				TARGETED_DEVICE_FAMILY = "1,2";
				TEST_TARGET_NAME = "Arithmetic Lunatic";
			};
			name = Debug;
		};
		7EFD7C2021BF837900FCC61A /* Release */ = {
			isa = XCBuildConfiguration;
			buildSettings = {
				ALWAYS_EMBED_SWIFT_STANDARD_LIBRARIES = YES;
				CODE_SIGN_STYLE = Automatic;
				DEVELOPMENT_TEAM = X4F4KYSYMU;
				INFOPLIST_FILE = "Arithmetic LunaticUITests/Info.plist";
				LD_RUNPATH_SEARCH_PATHS = (
					"$(inherited)",
					"@executable_path/Frameworks",
					"@loader_path/Frameworks",
				);
				PRODUCT_BUNDLE_IDENTIFIER = "CSCI318.Arithmetic-LunaticUITests";
				PRODUCT_NAME = "$(TARGET_NAME)";
				SWIFT_VERSION = 4.2;
				TARGETED_DEVICE_FAMILY = "1,2";
				TEST_TARGET_NAME = "Arithmetic Lunatic";
			};
			name = Release;
		};
/* End XCBuildConfiguration section */

/* Begin XCConfigurationList section */
		7EFD7BEB21BF837800FCC61A /* Build configuration list for PBXProject "Arithmetic Lunatic" */ = {
			isa = XCConfigurationList;
			buildConfigurations = (
				7EFD7C1621BF837900FCC61A /* Debug */,
				7EFD7C1721BF837900FCC61A /* Release */,
			);
			defaultConfigurationIsVisible = 0;
			defaultConfigurationName = Release;
		};
		7EFD7C1821BF837900FCC61A /* Build configuration list for PBXNativeTarget "Arithmetic Lunatic" */ = {
			isa = XCConfigurationList;
			buildConfigurations = (
				7EFD7C1921BF837900FCC61A /* Debug */,
				7EFD7C1A21BF837900FCC61A /* Release */,
			);
			defaultConfigurationIsVisible = 0;
			defaultConfigurationName = Release;
		};
		7EFD7C1B21BF837900FCC61A /* Build configuration list for PBXNativeTarget "Arithmetic LunaticTests" */ = {
			isa = XCConfigurationList;
			buildConfigurations = (
				7EFD7C1C21BF837900FCC61A /* Debug */,
				7EFD7C1D21BF837900FCC61A /* Release */,
			);
			defaultConfigurationIsVisible = 0;
			defaultConfigurationName = Release;
		};
		7EFD7C1E21BF837900FCC61A /* Build configuration list for PBXNativeTarget "Arithmetic LunaticUITests" */ = {
			isa = XCConfigurationList;
			buildConfigurations = (
				7EFD7C1F21BF837900FCC61A /* Debug */,
				7EFD7C2021BF837900FCC61A /* Release */,
			);
			defaultConfigurationIsVisible = 0;
			defaultConfigurationName = Release;
		};
/* End XCConfigurationList section */
	};
	rootObject = 7EFD7BE821BF837800FCC61A /* Project object */;
}
